
Microsoft Visual Studio Solution File, Format Version 12.00
# Visual Studio Version 16
VisualStudioVersion = 16.0.30717.126
MinimumVisualStudioVersion = 10.0.40219.1
Project("{FAE04EC0-301F-11D3-BF4B-00C04F79EFBC}") = "Diceroller", "Diceroller.csproj", "{5618A0B8-58B5-4853-ABDE-256D54E29DA2}"
EndProject
Global
	GlobalSection(SolutionConfigurationPlatforms) = preSolution
		Debug|Any CPU = Debug|Any CPU
		Release|Any CPU = Release|Any CPU
	EndGlobalSection
	GlobalSection(ProjectConfigurationPlatforms) = postSolution
		{5618A0B8-58B5-4853-ABDE-256D54E29DA2}.Debug|Any CPU.ActiveCfg = Debug|Any CPU
		{5618A0B8-58B5-4853-ABDE-256D54E29DA2}.Debug|Any CPU.Build.0 = Debug|Any CPU
		{5618A0B8-58B5-4853-ABDE-256D54E29DA2}.Release|Any CPU.ActiveCfg = Release|Any CPU
		{5618A0B8-58B5-4853-ABDE-256D54E29DA2}.Release|Any CPU.Build.0 = Release|Any CPU
	EndGlobalSection
	GlobalSection(SolutionProperties) = preSolution
		HideSolutionNode = FALSE
	EndGlobalSection
	GlobalSection(ExtensibilityGlobals) = postSolution
		SolutionGuid = {63E447D7-147A-4DFA-8D85-C1762F6FAAEF}
	EndGlobalSection
EndGlobal
